
Microsoft Visual Studio Solution File, Format Version 12.00
# Visual Studio Version 16
VisualStudioVersion = 16.0.31424.327
MinimumVisualStudioVersion = 10.0.40219.1
Project("{FAE04EC0-301F-11D3-BF4B-00C04F79EFBC}") = "YESenger", "YESenger.csproj", "{31BC9965-E838-462B-885E-5156D383CBDB}"
EndProject
Global
	GlobalSection(SolutionConfigurationPlatforms) = preSolution
		Debug|Any CPU = Debug|Any CPU
		Release|Any CPU = Release|Any CPU
	EndGlobalSection
	GlobalSection(ProjectConfigurationPlatforms) = postSolution
		{31BC9965-E838-462B-885E-5156D383CBDB}.Debug|Any CPU.ActiveCfg = Debug|Any CPU
		{31BC9965-E838-462B-885E-5156D383CBDB}.Debug|Any CPU.Build.0 = Debug|Any CPU
		{31BC9965-E838-462B-885E-5156D383CBDB}.Release|Any CPU.ActiveCfg = Release|Any CPU
		{31BC9965-E838-462B-885E-5156D383CBDB}.Release|Any CPU.Build.0 = Release|Any CPU
	EndGlobalSection
	GlobalSection(SolutionProperties) = preSolution
		HideSolutionNode = FALSE
	EndGlobalSection
	GlobalSection(ExtensibilityGlobals) = postSolution
		SolutionGuid = {8A3691B9-DB14-42A2-8DBB-725EC1C250F4}
	EndGlobalSection
EndGlobal
